// !$*UTF8*$!
{
	archiveVersion = 1;
	classes = {
	};
	objectVersion = 55;
	objects = {

/* Begin PBXBuildFile section */
		DCBCB0A127D7982100C473B0 /* AppDelegate.swift in Sources */ = {isa = PBXBuildFile; fileRef = DCBCB0A027D7982100C473B0 /* AppDelegate.swift */; };
		DCBCB0A327D7982100C473B0 /* SceneDelegate.swift in Sources */ = {isa = PBXBuildFile; fileRef = DCBCB0A227D7982100C473B0 /* SceneDelegate.swift */; };
		DCBCB0A527D7982100C473B0 /* ViewController.swift in Sources */ = {isa = PBXBuildFile; fileRef = DCBCB0A427D7982100C473B0 /* ViewController.swift */; };
		DCBCB0A827D7982100C473B0 /* Main.storyboard in Resources */ = {isa = PBXBuildFile; fileRef = DCBCB0A627D7982100C473B0 /* Main.storyboard */; };
		DCBCB0AA27D7982400C473B0 /* Assets.xcassets in Resources */ = {isa = PBXBuildFile; fileRef = DCBCB0A927D7982400C473B0 /* Assets.xcassets */; };
		DCBCB0AD27D7982400C473B0 /* LaunchScreen.storyboard in Resources */ = {isa = PBXBuildFile; fileRef = DCBCB0AB27D7982400C473B0 /* LaunchScreen.storyboard */; };
		DCBCB0B827D7982500C473B0 /* Countdown_Mobile_AppTests.swift in Sources */ = {isa = PBXBuildFile; fileRef = DCBCB0B727D7982500C473B0 /* Countdown_Mobile_AppTests.swift */; };
		DCBCB0C227D7982500C473B0 /* Countdown_Mobile_AppUITests.swift in Sources */ = {isa = PBXBuildFile; fileRef = DCBCB0C127D7982500C473B0 /* Countdown_Mobile_AppUITests.swift */; };
		DCBCB0C427D7982500C473B0 /* Countdown_Mobile_AppUITestsLaunchTests.swift in Sources */ = {isa = PBXBuildFile; fileRef = DCBCB0C327D7982500C473B0 /* Countdown_Mobile_AppUITestsLaunchTests.swift */; };
/* End PBXBuildFile section */

/* Begin PBXContainerItemProxy section */
		DCBCB0B427D7982500C473B0 /* PBXContainerItemProxy */ = {
			isa = PBXContainerItemProxy;
			containerPortal = DCBCB09527D7982100C473B0 /* Project object */;
			proxyType = 1;
			remoteGlobalIDString = DCBCB09C27D7982100C473B0;
			remoteInfo = "Countdown Mobile App";
		};
		DCBCB0BE27D7982500C473B0 /* PBXContainerItemProxy */ = {
			isa = PBXContainerItemProxy;
			containerPortal = DCBCB09527D7982100C473B0 /* Project object */;
			proxyType = 1;
			remoteGlobalIDString = DCBCB09C27D7982100C473B0;
			remoteInfo = "Countdown Mobile App";
		};
/* End PBXContainerItemProxy section */

/* Begin PBXFileReference section */
		DCBCB09D27D7982100C473B0 /* Countdown Mobile App.app */ = {isa = PBXFileReference; explicitFileType = wrapper.application; includeInIndex = 0; path = "Countdown Mobile App.app"; sourceTree = BUILT_PRODUCTS_DIR; };
		DCBCB0A027D7982100C473B0 /* AppDelegate.swift */ = {isa = PBXFileReference; lastKnownFileType = sourcecode.swift; path = AppDelegate.swift; sourceTree = "<group>"; };
		DCBCB0A227D7982100C473B0 /* SceneDelegate.swift */ = {isa = PBXFileReference; lastKnownFileType = sourcecode.swift; path = SceneDelegate.swift; sourceTree = "<group>"; };
		DCBCB0A427D7982100C473B0 /* ViewController.swift */ = {isa = PBXFileReference; lastKnownFileType = sourcecode.swift; path = ViewController.swift; sourceTree = "<group>"; };
		DCBCB0A727D7982100C473B0 /* Base */ = {isa = PBXFileReference; lastKnownFileType = file.storyboard; name = Base; path = Base.lproj/Main.storyboard; sourceTree = "<group>"; };
		DCBCB0A927D7982400C473B0 /* Assets.xcassets */ = {isa = PBXFileReference; lastKnownFileType = folder.assetcatalog; path = Assets.xcassets; sourceTree = "<group>"; };
		DCBCB0AC27D7982400C473B0 /* Base */ = {isa = PBXFileReference; lastKnownFileType = file.storyboard; name = Base; path = Base.lproj/LaunchScreen.storyboard; sourceTree = "<group>"; };
		DCBCB0AE27D7982400C473B0 /* Info.plist */ = {isa = PBXFileReference; lastKnownFileType = text.plist.xml; path = Info.plist; sourceTree = "<group>"; };
		DCBCB0B327D7982500C473B0 /* Countdown Mobile AppTests.xctest */ = {isa = PBXFileReference; explicitFileType = wrapper.cfbundle; includeInIndex = 0; path = "Countdown Mobile AppTests.xctest"; sourceTree = BUILT_PRODUCTS_DIR; };
		DCBCB0B727D7982500C473B0 /* Countdown_Mobile_AppTests.swift */ = {isa = PBXFileReference; lastKnownFileType = sourcecode.swift; path = Countdown_Mobile_AppTests.swift; sourceTree = "<group>"; };
		DCBCB0BD27D7982500C473B0 /* Countdown Mobile AppUITests.xctest */ = {isa = PBXFileReference; explicitFileType = wrapper.cfbundle; includeInIndex = 0; path = "Countdown Mobile AppUITests.xctest"; sourceTree = BUILT_PRODUCTS_DIR; };
		DCBCB0C127D7982500C473B0 /* Countdown_Mobile_AppUITests.swift */ = {isa = PBXFileReference; lastKnownFileType = sourcecode.swift; path = Countdown_Mobile_AppUITests.swift; sourceTree = "<group>"; };
		DCBCB0C327D7982500C473B0 /* Countdown_Mobile_AppUITestsLaunchTests.swift */ = {isa = PBXFileReference; lastKnownFileType = sourcecode.swift; path = Countdown_Mobile_AppUITestsLaunchTests.swift; sourceTree = "<group>"; };
/* End PBXFileReference section */

/* Begin PBXFrameworksBuildPhase section */
		DCBCB09A27D7982100C473B0 /* Frameworks */ = {
			isa = PBXFrameworksBuildPhase;
			buildActionMask = 2147483647;
			files = (
			);
			runOnlyForDeploymentPostprocessing = 0;
		};
		DCBCB0B027D7982500C473B0 /* Frameworks */ = {
			isa = PBXFrameworksBuildPhase;
			buildActionMask = 2147483647;
			files = (
			);
			runOnlyForDeploymentPostprocessing = 0;
		};
		DCBCB0BA27D7982500C473B0 /* Frameworks */ = {
			isa = PBXFrameworksBuildPhase;
			buildActionMask = 2147483647;
			files = (
			);
			runOnlyForDeploymentPostprocessing = 0;
		};
/* End PBXFrameworksBuildPhase section */

/* Begin PBXGroup section */
		DCBCB09427D7982100C473B0 = {
			isa = PBXGroup;
			children = (
				DCBCB09F27D7982100C473B0 /* Countdown Mobile App */,
				DCBCB0B627D7982500C473B0 /* Countdown Mobile AppTests */,
				DCBCB0C027D7982500C473B0 /* Countdown Mobile AppUITests */,
				DCBCB09E27D7982100C473B0 /* Products */,
			);
			sourceTree = "<group>";
		};
		DCBCB09E27D7982100C473B0 /* Products */ = {
			isa = PBXGroup;
			children = (
				DCBCB09D27D7982100C473B0 /* Countdown Mobile App.app */,
				DCBCB0B327D7982500C473B0 /* Countdown Mobile AppTests.xctest */,
				DCBCB0BD27D7982500C473B0 /* Countdown Mobile AppUITests.xctest */,
			);
			name = Products;
			sourceTree = "<group>";
		};
		DCBCB09F27D7982100C473B0 /* Countdown Mobile App */ = {
			isa = PBXGroup;
			children = (
				DCBCB0A027D7982100C473B0 /* AppDelegate.swift */,
				DCBCB0A227D7982100C473B0 /* SceneDelegate.swift */,
				DCBCB0A427D7982100C473B0 /* ViewController.swift */,
				DCBCB0A627D7982100C473B0 /* Main.storyboard */,
				DCBCB0A927D7982400C473B0 /* Assets.xcassets */,
				DCBCB0AB27D7982400C473B0 /* LaunchScreen.storyboard */,
				DCBCB0AE27D7982400C473B0 /* Info.plist */,
			);
			path = "Countdown Mobile App";
			sourceTree = "<group>";
		};
		DCBCB0B627D7982500C473B0 /* Countdown Mobile AppTests */ = {
			isa = PBXGroup;
			children = (
				DCBCB0B727D7982500C473B0 /* Countdown_Mobile_AppTests.swift */,
			);
			path = "Countdown Mobile AppTests";
			sourceTree = "<group>";
		};
		DCBCB0C027D7982500C473B0 /* Countdown Mobile AppUITests */ = {
			isa = PBXGroup;
			children = (
				DCBCB0C127D7982500C473B0 /* Countdown_Mobile_AppUITests.swift */,
				DCBCB0C327D7982500C473B0 /* Countdown_Mobile_AppUITestsLaunchTests.swift */,
			);
			path = "Countdown Mobile AppUITests";
			sourceTree = "<group>";
		};
/* End PBXGroup section */

/* Begin PBXNativeTarget section */
		DCBCB09C27D7982100C473B0 /* Countdown Mobile App */ = {
			isa = PBXNativeTarget;
			buildConfigurationList = DCBCB0C727D7982500C473B0 /* Build configuration list for PBXNativeTarget "Countdown Mobile App" */;
			buildPhases = (
				DCBCB09927D7982100C473B0 /* Sources */,
				DCBCB09A27D7982100C473B0 /* Frameworks */,
				DCBCB09B27D7982100C473B0 /* Resources */,
			);
			buildRules = (
			);
			dependencies = (
			);
			name = "Countdown Mobile App";
			productName = "Countdown Mobile App";
			productReference = DCBCB09D27D7982100C473B0 /* Countdown Mobile App.app */;
			productType = "com.apple.product-type.application";
		};
		DCBCB0B227D7982500C473B0 /* Countdown Mobile AppTests */ = {
			isa = PBXNativeTarget;
			buildConfigurationList = DCBCB0CA27D7982500C473B0 /* Build configuration list for PBXNativeTarget "Countdown Mobile AppTests" */;
			buildPhases = (
				DCBCB0AF27D7982500C473B0 /* Sources */,
				DCBCB0B027D7982500C473B0 /* Frameworks */,
				DCBCB0B127D7982500C473B0 /* Resources */,
			);
			buildRules = (
			);
			dependencies = (
				DCBCB0B527D7982500C473B0 /* PBXTargetDependency */,
			);
			name = "Countdown Mobile AppTests";
			productName = "Countdown Mobile AppTests";
			productReference = DCBCB0B327D7982500C473B0 /* Countdown Mobile AppTests.xctest */;
			productType = "com.apple.product-type.bundle.unit-test";
		};
		DCBCB0BC27D7982500C473B0 /* Countdown Mobile AppUITests */ = {
			isa = PBXNativeTarget;
			buildConfigurationList = DCBCB0CD27D7982500C473B0 /* Build configuration list for PBXNativeTarget "Countdown Mobile AppUITests" */;
			buildPhases = (
				DCBCB0B927D7982500C473B0 /* Sources */,
				DCBCB0BA27D7982500C473B0 /* Frameworks */,
				DCBCB0BB27D7982500C473B0 /* Resources */,
			);
			buildRules = (
			);
			dependencies = (
				DCBCB0BF27D7982500C473B0 /* PBXTargetDependency */,
			);
			name = "Countdown Mobile AppUITests";
			productName = "Countdown Mobile AppUITests";
			productReference = DCBCB0BD27D7982500C473B0 /* Countdown Mobile AppUITests.xctest */;
			productType = "com.apple.product-type.bundle.ui-testing";
		};
/* End PBXNativeTarget section */

/* Begin PBXProject section */
		DCBCB09527D7982100C473B0 /* Project object */ = {
			isa = PBXProject;
			attributes = {
				BuildIndependentTargetsInParallel = 1;
				LastSwiftUpdateCheck = 1320;
				LastUpgradeCheck = 1320;
				TargetAttributes = {
					DCBCB09C27D7982100C473B0 = {
						CreatedOnToolsVersion = 13.2.1;
					};
					DCBCB0B227D7982500C473B0 = {
						CreatedOnToolsVersion = 13.2.1;
						TestTargetID = DCBCB09C27D7982100C473B0;
					};
					DCBCB0BC27D7982500C473B0 = {
						CreatedOnToolsVersion = 13.2.1;
						TestTargetID = DCBCB09C27D7982100C473B0;
					};
				};
			};
			buildConfigurationList = DCBCB09827D7982100C473B0 /* Build configuration list for PBXProject "Countdown Mobile App" */;
			compatibilityVersion = "Xcode 13.0";
			developmentRegion = en;
			hasScannedForEncodings = 0;
			knownRegions = (
				en,
				Base,
			);
			mainGroup = DCBCB09427D7982100C473B0;
			productRefGroup = DCBCB09E27D7982100C473B0 /* Products */;
			projectDirPath = "";
			projectRoot = "";
			targets = (
				DCBCB09C27D7982100C473B0 /* Countdown Mobile App */,
				DCBCB0B227D7982500C473B0 /* Countdown Mobile AppTests */,
				DCBCB0BC27D7982500C473B0 /* Countdown Mobile AppUITests */,
			);
		};
/* End PBXProject section */

/* Begin PBXResourcesBuildPhase section */
		DCBCB09B27D7982100C473B0 /* Resources */ = {
			isa = PBXResourcesBuildPhase;
			buildActionMask = 2147483647;
			files = (
				DCBCB0AD27D7982400C473B0 /* LaunchScreen.storyboard in Resources */,
				DCBCB0AA27D7982400C473B0 /* Assets.xcassets in Resources */,
				DCBCB0A827D7982100C473B0 /* Main.storyboard in Resources */,
			);
			runOnlyForDeploymentPostprocessing = 0;
		};
		DCBCB0B127D7982500C473B0 /* Resources */ = {
			isa = PBXResourcesBuildPhase;
			buildActionMask = 2147483647;
			files = (
			);
			runOnlyForDeploymentPostprocessing = 0;
		};
		DCBCB0BB27D7982500C473B0 /* Resources */ = {
			isa = PBXResourcesBuildPhase;
			buildActionMask = 2147483647;
			files = (
			);
			runOnlyForDeploymentPostprocessing = 0;
		};
/* End PBXResourcesBuildPhase section */

/* Begin PBXSourcesBuildPhase section */
		DCBCB09927D7982100C473B0 /* Sources */ = {
			isa = PBXSourcesBuildPhase;
			buildActionMask = 2147483647;
			files = (
				DCBCB0A527D7982100C473B0 /* ViewController.swift in Sources */,
				DCBCB0A127D7982100C473B0 /* AppDelegate.swift in Sources */,
				DCBCB0A327D7982100C473B0 /* SceneDelegate.swift in Sources */,
			);
			runOnlyForDeploymentPostprocessing = 0;
		};
		DCBCB0AF27D7982500C473B0 /* Sources */ = {
			isa = PBXSourcesBuildPhase;
			buildActionMask = 2147483647;
			files = (
				DCBCB0B827D7982500C473B0 /* Countdown_Mobile_AppTests.swift in Sources */,
			);
			runOnlyForDeploymentPostprocessing = 0;
		};
		DCBCB0B927D7982500C473B0 /* Sources */ = {
			isa = PBXSourcesBuildPhase;
			buildActionMask = 2147483647;
			files = (
				DCBCB0C427D7982500C473B0 /* Countdown_Mobile_AppUITestsLaunchTests.swift in Sources */,
				DCBCB0C227D7982500C473B0 /* Countdown_Mobile_AppUITests.swift in Sources */,
			);
			runOnlyForDeploymentPostprocessing = 0;
		};
/* End PBXSourcesBuildPhase section */

/* Begin PBXTargetDependency section */
		DCBCB0B527D7982500C473B0 /* PBXTargetDependency */ = {
			isa = PBXTargetDependency;
			target = DCBCB09C27D7982100C473B0 /* Countdown Mobile App */;
			targetProxy = DCBCB0B427D7982500C473B0 /* PBXContainerItemProxy */;
		};
		DCBCB0BF27D7982500C473B0 /* PBXTargetDependency */ = {
			isa = PBXTargetDependency;
			target = DCBCB09C27D7982100C473B0 /* Countdown Mobile App */;
			targetProxy = DCBCB0BE27D7982500C473B0 /* PBXContainerItemProxy */;
		};
/* End PBXTargetDependency section */

/* Begin PBXVariantGroup section */
		DCBCB0A627D7982100C473B0 /* Main.storyboard */ = {
			isa = PBXVariantGroup;
			children = (
				DCBCB0A727D7982100C473B0 /* Base */,
			);
			name = Main.storyboard;
			sourceTree = "<group>";
		};
		DCBCB0AB27D7982400C473B0 /* LaunchScreen.storyboard */ = {
			isa = PBXVariantGroup;
			children = (
				DCBCB0AC27D7982400C473B0 /* Base */,
			);
			name = LaunchScreen.storyboard;
			sourceTree = "<group>";
		};
/* End PBXVariantGroup section */

/* Begin XCBuildConfiguration section */
		DCBCB0C527D7982500C473B0 /* Debug */ = {
			isa = XCBuildConfiguration;
			buildSettings = {
				ALWAYS_SEARCH_USER_PATHS = NO;
				CLANG_ANALYZER_NONNULL = YES;
				CLANG_ANALYZER_NUMBER_OBJECT_CONVERSION = YES_AGGRESSIVE;
				CLANG_CXX_LANGUAGE_STANDARD = "gnu++17";
				CLANG_CXX_LIBRARY = "libc++";
				CLANG_ENABLE_MODULES = YES;
				CLANG_ENABLE_OBJC_ARC = YES;
				CLANG_ENABLE_OBJC_WEAK = YES;
				CLANG_WARN_BLOCK_CAPTURE_AUTORELEASING = YES;
				CLANG_WARN_BOOL_CONVERSION = YES;
				CLANG_WARN_COMMA = YES;
				CLANG_WARN_CONSTANT_CONVERSION = YES;
				CLANG_WARN_DEPRECATED_OBJC_IMPLEMENTATIONS = YES;
				CLANG_WARN_DIRECT_OBJC_ISA_USAGE = YES_ERROR;
				CLANG_WARN_DOCUMENTATION_COMMENTS = YES;
				CLANG_WARN_EMPTY_BODY = YES;
				CLANG_WARN_ENUM_CONVERSION = YES;
				CLANG_WARN_INFINITE_RECURSION = YES;
				CLANG_WARN_INT_CONVERSION = YES;
				CLANG_WARN_NON_LITERAL_NULL_CONVERSION = YES;
				CLANG_WARN_OBJC_IMPLICIT_RETAIN_SELF = YES;
				CLANG_WARN_OBJC_LITERAL_CONVERSION = YES;
				CLANG_WARN_OBJC_ROOT_CLASS = YES_ERROR;
				CLANG_WARN_QUOTED_INCLUDE_IN_FRAMEWORK_HEADER = YES;
				CLANG_WARN_RANGE_LOOP_ANALYSIS = YES;
				CLANG_WARN_STRICT_PROTOTYPES = YES;
				CLANG_WARN_SUSPICIOUS_MOVE = YES;
				CLANG_WARN_UNGUARDED_AVAILABILITY = YES_AGGRESSIVE;
				CLANG_WARN_UNREACHABLE_CODE = YES;
				CLANG_WARN__DUPLICATE_METHOD_MATCH = YES;
				COPY_PHASE_STRIP = NO;
				DEBUG_INFORMATION_FORMAT = dwarf;
				ENABLE_STRICT_OBJC_MSGSEND = YES;
				ENABLE_TESTABILITY = YES;
				GCC_C_LANGUAGE_STANDARD = gnu11;
				GCC_DYNAMIC_NO_PIC = NO;
				GCC_NO_COMMON_BLOCKS = YES;
				GCC_OPTIMIZATION_LEVEL = 0;
				GCC_PREPROCESSOR_DEFINITIONS = (
					"DEBUG=1",
					"$(inherited)",
				);
				GCC_WARN_64_TO_32_BIT_CONVERSION = YES;
				GCC_WARN_ABOUT_RETURN_TYPE = YES_ERROR;
				GCC_WARN_UNDECLARED_SELECTOR = YES;
				GCC_WARN_UNINITIALIZED_AUTOS = YES_AGGRESSIVE;
				GCC_WARN_UNUSED_FUNCTION = YES;
				GCC_WARN_UNUSED_VARIABLE = YES;
				IPHONEOS_DEPLOYMENT_TARGET = 15.2;
				MTL_ENABLE_DEBUG_INFO = INCLUDE_SOURCE;
				MTL_FAST_MATH = YES;
				ONLY_ACTIVE_ARCH = YES;
				SDKROOT = iphoneos;
				SWIFT_ACTIVE_COMPILATION_CONDITIONS = DEBUG;
				SWIFT_OPTIMIZATION_LEVEL = "-Onone";
			};
			name = Debug;
		};
		DCBCB0C627D7982500C473B0 /* Release */ = {
			isa = XCBuildConfiguration;
			buildSettings = {
				ALWAYS_SEARCH_USER_PATHS = NO;
				CLANG_ANALYZER_NONNULL = YES;
				CLANG_ANALYZER_NUMBER_OBJECT_CONVERSION = YES_AGGRESSIVE;
				CLANG_CXX_LANGUAGE_STANDARD = "gnu++17";
				CLANG_CXX_LIBRARY = "libc++";
				CLANG_ENABLE_MODULES = YES;
				CLANG_ENABLE_OBJC_ARC = YES;
				CLANG_ENABLE_OBJC_WEAK = YES;
				CLANG_WARN_BLOCK_CAPTURE_AUTORELEASING = YES;
				CLANG_WARN_BOOL_CONVERSION = YES;
				CLANG_WARN_COMMA = YES;
				CLANG_WARN_CONSTANT_CONVERSION = YES;
				CLANG_WARN_DEPRECATED_OBJC_IMPLEMENTATIONS = YES;
				CLANG_WARN_DIRECT_OBJC_ISA_USAGE = YES_ERROR;
				CLANG_WARN_DOCUMENTATION_COMMENTS = YES;
				CLANG_WARN_EMPTY_BODY = YES;
				CLANG_WARN_ENUM_CONVERSION = YES;
				CLANG_WARN_INFINITE_RECURSION = YES;
				CLANG_WARN_INT_CONVERSION = YES;
				CLANG_WARN_NON_LITERAL_NULL_CONVERSION = YES;
				CLANG_WARN_OBJC_IMPLICIT_RETAIN_SELF = YES;
				CLANG_WARN_OBJC_LITERAL_CONVERSION = YES;
				CLANG_WARN_OBJC_ROOT_CLASS = YES_ERROR;
				CLANG_WARN_QUOTED_INCLUDE_IN_FRAMEWORK_HEADER = YES;
				CLANG_WARN_RANGE_LOOP_ANALYSIS = YES;
				CLANG_WARN_STRICT_PROTOTYPES = YES;
				CLANG_WARN_SUSPICIOUS_MOVE = YES;
				CLANG_WARN_UNGUARDED_AVAILABILITY = YES_AGGRESSIVE;
				CLANG_WARN_UNREACHABLE_CODE = YES;
				CLANG_WARN__DUPLICATE_METHOD_MATCH = YES;
				COPY_PHASE_STRIP = NO;
				DEBUG_INFORMATION_FORMAT = "dwarf-with-dsym";
				ENABLE_NS_ASSERTIONS = NO;
				ENABLE_STRICT_OBJC_MSGSEND = YES;
				GCC_C_LANGUAGE_STANDARD = gnu11;
				GCC_NO_COMMON_BLOCKS = YES;
				GCC_WARN_64_TO_32_BIT_CONVERSION = YES;
				GCC_WARN_ABOUT_RETURN_TYPE = YES_ERROR;
				GCC_WARN_UNDECLARED_SELECTOR = YES;
				GCC_WARN_UNINITIALIZED_AUTOS = YES_AGGRESSIVE;
				GCC_WARN_UNUSED_FUNCTION = YES;
				GCC_WARN_UNUSED_VARIABLE = YES;
				IPHONEOS_DEPLOYMENT_TARGET = 15.2;
				MTL_ENABLE_DEBUG_INFO = NO;
				MTL_FAST_MATH = YES;
				SDKROOT = iphoneos;
				SWIFT_COMPILATION_MODE = wholemodule;
				SWIFT_OPTIMIZATION_LEVEL = "-O";
				VALIDATE_PRODUCT = YES;
			};
			name = Release;
		};
		DCBCB0C827D7982500C473B0 /* Debug */ = {
			isa = XCBuildConfiguration;
			buildSettings = {
				ASSETCATALOG_COMPILER_APPICON_NAME = AppIcon;
				ASSETCATALOG_COMPILER_GLOBAL_ACCENT_COLOR_NAME = AccentColor;
				CODE_SIGN_STYLE = Automatic;
				CURRENT_PROJECT_VERSION = 1;
				DEVELOPMENT_TEAM = 67NPXV7CSZ;
				GENERATE_INFOPLIST_FILE = YES;
				INFOPLIST_FILE = "Countdown Mobile App/Info.plist";
				INFOPLIST_KEY_UIApplicationSupportsIndirectInputEvents = YES;
				INFOPLIST_KEY_UILaunchStoryboardName = LaunchScreen;
				INFOPLIST_KEY_UIMainStoryboardFile = Main;
				INFOPLIST_KEY_UISupportedInterfaceOrientations_iPad = "UIInterfaceOrientationPortrait UIInterfaceOrientationPortraitUpsideDown UIInterfaceOrientationLandscapeLeft UIInterfaceOrientationLandscapeRight";
				INFOPLIST_KEY_UISupportedInterfaceOrientations_iPhone = "UIInterfaceOrientationPortrait UIInterfaceOrientationLandscapeLeft UIInterfaceOrientationLandscapeRight";
				LD_RUNPATH_SEARCH_PATHS = (
					"$(inherited)",
					"@executable_path/Frameworks",
				);
				MARKETING_VERSION = 1.0;
				PRODUCT_BUNDLE_IDENTIFIER = "com.practice.Countdown-Mobile-App";
				PRODUCT_NAME = "$(TARGET_NAME)";
				SWIFT_EMIT_LOC_STRINGS = YES;
				SWIFT_VERSION = 5.0;
				TARGETED_DEVICE_FAMILY = "1,2";
			};
			name = Debug;
		};
		DCBCB0C927D7982500C473B0 /* Release */ = {
			isa = XCBuildConfiguration;
			buildSettings = {
				ASSETCATALOG_COMPILER_APPICON_NAME = AppIcon;
				ASSETCATALOG_COMPILER_GLOBAL_ACCENT_COLOR_NAME = AccentColor;
				CODE_SIGN_STYLE = Automatic;
				CURRENT_PROJECT_VERSION = 1;
				DEVELOPMENT_TEAM = 67NPXV7CSZ;
				GENERATE_INFOPLIST_FILE = YES;
				INFOPLIST_FILE = "Countdown Mobile App/Info.plist";
				INFOPLIST_KEY_UIApplicationSupportsIndirectInputEvents = YES;
				INFOPLIST_KEY_UILaunchStoryboardName = LaunchScreen;
				INFOPLIST_KEY_UIMainStoryboardFile = Main;
				INFOPLIST_KEY_UISupportedInterfaceOrientations_iPad = "UIInterfaceOrientationPortrait UIInterfaceOrientationPortraitUpsideDown UIInterfaceOrientationLandscapeLeft UIInterfaceOrientationLandscapeRight";
				INFOPLIST_KEY_UISupportedInterfaceOrientations_iPhone = "UIInterfaceOrientationPortrait UIInterfaceOrientationLandscapeLeft UIInterfaceOrientationLandscapeRight";
				LD_RUNPATH_SEARCH_PATHS = (
					"$(inherited)",
					"@executable_path/Frameworks",
				);
				MARKETING_VERSION = 1.0;
				PRODUCT_BUNDLE_IDENTIFIER = "com.practice.Countdown-Mobile-App";
				PRODUCT_NAME = "$(TARGET_NAME)";
				SWIFT_EMIT_LOC_STRINGS = YES;
				SWIFT_VERSION = 5.0;
				TARGETED_DEVICE_FAMILY = "1,2";
			};
			name = Release;
		};
		DCBCB0CB27D7982500C473B0 /* Debug */ = {
			isa = XCBuildConfiguration;
			buildSettings = {
				ALWAYS_EMBED_SWIFT_STANDARD_LIBRARIES = YES;
				BUNDLE_LOADER = "$(TEST_HOST)";
				CODE_SIGN_STYLE = Automatic;
				CURRENT_PROJECT_VERSION = 1;
				DEVELOPMENT_TEAM = 67NPXV7CSZ;
				GENERATE_INFOPLIST_FILE = YES;
				IPHONEOS_DEPLOYMENT_TARGET = 15.2;
				MARKETING_VERSION = 1.0;
				PRODUCT_BUNDLE_IDENTIFIER = "com.practice.Countdown-Mobile-AppTests";
				PRODUCT_NAME = "$(TARGET_NAME)";
				SWIFT_EMIT_LOC_STRINGS = NO;
				SWIFT_VERSION = 5.0;
				TARGETED_DEVICE_FAMILY = "1,2";
				TEST_HOST = "$(BUILT_PRODUCTS_DIR)/Countdown Mobile App.app/Countdown Mobile App";
			};
			name = Debug;
		};
		DCBCB0CC27D7982500C473B0 /* Release */ = {
			isa = XCBuildConfiguration;
			buildSettings = {
				ALWAYS_EMBED_SWIFT_STANDARD_LIBRARIES = YES;
				BUNDLE_LOADER = "$(TEST_HOST)";
				CODE_SIGN_STYLE = Automatic;
				CURRENT_PROJECT_VERSION = 1;
				DEVELOPMENT_TEAM = 67NPXV7CSZ;
				GENERATE_INFOPLIST_FILE = YES;
				IPHONEOS_DEPLOYMENT_TARGET = 15.2;
				MARKETING_VERSION = 1.0;
				PRODUCT_BUNDLE_IDENTIFIER = "com.practice.Countdown-Mobile-AppTests";
				PRODUCT_NAME = "$(TARGET_NAME)";
				SWIFT_EMIT_LOC_STRINGS = NO;
				SWIFT_VERSION = 5.0;
				TARGETED_DEVICE_FAMILY = "1,2";
				TEST_HOST = "$(BUILT_PRODUCTS_DIR)/Countdown Mobile App.app/Countdown Mobile App";
			};
			name = Release;
		};
		DCBCB0CE27D7982500C473B0 /* Debug */ = {
			isa = XCBuildConfiguration;
			buildSettings = {
				ALWAYS_EMBED_SWIFT_STANDARD_LIBRARIES = YES;
				CODE_SIGN_STYLE = Automatic;
				CURRENT_PROJECT_VERSION = 1;
				DEVELOPMENT_TEAM = 67NPXV7CSZ;
				GENERATE_INFOPLIST_FILE = YES;
				MARKETING_VERSION = 1.0;
				PRODUCT_BUNDLE_IDENTIFIER = "com.practice.Countdown-Mobile-AppUITests";
				PRODUCT_NAME = "$(TARGET_NAME)";
				SWIFT_EMIT_LOC_STRINGS = NO;
				SWIFT_VERSION = 5.0;
				TARGETED_DEVICE_FAMILY = "1,2";
				TEST_TARGET_NAME = "Countdown Mobile App";
			};
			name = Debug;
		};
		DCBCB0CF27D7982500C473B0 /* Release */ = {
			isa = XCBuildConfiguration;
			buildSettings = {
				ALWAYS_EMBED_SWIFT_STANDARD_LIBRARIES = YES;
				CODE_SIGN_STYLE = Automatic;
				CURRENT_PROJECT_VERSION = 1;
				DEVELOPMENT_TEAM = 67NPXV7CSZ;
				GENERATE_INFOPLIST_FILE = YES;
				MARKETING_VERSION = 1.0;
				PRODUCT_BUNDLE_IDENTIFIER = "com.practice.Countdown-Mobile-AppUITests";
				PRODUCT_NAME = "$(TARGET_NAME)";
				SWIFT_EMIT_LOC_STRINGS = NO;
				SWIFT_VERSION = 5.0;
				TARGETED_DEVICE_FAMILY = "1,2";
				TEST_TARGET_NAME = "Countdown Mobile App";
			};
			name = Release;
		};
/* End XCBuildConfiguration section */

/* Begin XCConfigurationList section */
		DCBCB09827D7982100C473B0 /* Build configuration list for PBXProject "Countdown Mobile App" */ = {
			isa = XCConfigurationList;
			buildConfigurations = (
				DCBCB0C527D7982500C473B0 /* Debug */,
				DCBCB0C627D7982500C473B0 /* Release */,
			);
			defaultConfigurationIsVisible = 0;
			defaultConfigurationName = Release;
		};
		DCBCB0C727D7982500C473B0 /* Build configuration list for PBXNativeTarget "Countdown Mobile App" */ = {
			isa = XCConfigurationList;
			buildConfigurations = (
				DCBCB0C827D7982500C473B0 /* Debug */,
				DCBCB0C927D7982500C473B0 /* Release */,
			);
			defaultConfigurationIsVisible = 0;
			defaultConfigurationName = Release;
		};
		DCBCB0CA27D7982500C473B0 /* Build configuration list for PBXNativeTarget "Countdown Mobile AppTests" */ = {
			isa = XCConfigurationList;
			buildConfigurations = (
				DCBCB0CB27D7982500C473B0 /* Debug */,
				DCBCB0CC27D7982500C473B0 /* Release */,
			);
			defaultConfigurationIsVisible = 0;
			defaultConfigurationName = Release;
		};
		DCBCB0CD27D7982500C473B0 /* Build configuration list for PBXNativeTarget "Countdown Mobile AppUITests" */ = {
			isa = XCConfigurationList;
			buildConfigurations = (
				DCBCB0CE27D7982500C473B0 /* Debug */,
				DCBCB0CF27D7982500C473B0 /* Release */,
			);
			defaultConfigurationIsVisible = 0;
			defaultConfigurationName = Release;
		};
/* End XCConfigurationList section */
	};
	rootObject = DCBCB09527D7982100C473B0 /* Project object */;
}
